version = 1
revision = 3
requires-python = ">=3.13"

[[package]]
name = "fastavro"
version = "1.12.0"
source = { registry = "https://pypi.org/simple" }
sdist = { url = "https://files.pythonhosted.org/packages/cc/ec/762dcf213e5b97ea1733b27d5a2798599a1fa51565b70a93690246029f84/fastavro-1.12.0.tar.gz", hash = "sha256:a67a87be149825d74006b57e52be068dfa24f3bfc6382543ec92cd72327fe152", size = 1025604, upload-time = "2025-07-31T15:16:42.933Z" }
wheels = [
    { url = "https://files.pythonhosted.org/packages/db/c7/f18b73b39860d54eb724f881b8932882ba10c1d4905e491cd25d159a7e49/fastavro-1.12.0-cp313-cp313-macosx_10_13_universal2.whl", hash = "sha256:dbe2b690d9caba7d888126cc1dd980a8fcf5ee73de41a104e3f15bb5e08c19c8", size = 936220, upload-time = "2025-07-31T15:17:21.994Z" },
    { url = "https://files.pythonhosted.org/packages/20/22/61ec800fda2a0f051a21b067e4005fd272070132d0a0566c5094e09b666c/fastavro-1.12.0-cp313-cp313-manylinux2014_aarch64.manylinux_2_17_aarch64.manylinux_2_28_aarch64.whl", hash = "sha256:07ff9e6c6e8739203ccced3205646fdac6141c2efc83f4dffabf5f7d0176646d", size = 3348450, upload-time = "2025-07-31T15:17:24.186Z" },
    { url = "https://files.pythonhosted.org/packages/ca/79/1f34618fb643b99e08853e8a204441ec11a24d3e1fce050e804e6ff5c5ae/fastavro-1.12.0-cp313-cp313-manylinux2014_x86_64.manylinux_2_17_x86_64.manylinux_2_28_x86_64.whl", hash = "sha256:6a172655add31882cab4e1a96b7d49f419906b465b4c2165081db7b1db79852f", size = 3417238, upload-time = "2025-07-31T15:17:26.531Z" },
    { url = "https://files.pythonhosted.org/packages/ea/0b/79611769eb15cc17992dc3699141feb0f75afd37b0cb964b4a08be45214e/fastavro-1.12.0-cp313-cp313-musllinux_1_2_aarch64.whl", hash = "sha256:be20ce0331b70b35dca1a4c7808afeedf348dc517bd41602ed8fc9a1ac2247a9", size = 3252425, upload-time = "2025-07-31T15:17:28.989Z" },
    { url = "https://files.pythonhosted.org/packages/86/1a/65e0999bcc4bbb38df32706b6ae6ce626d528228667a5e0af059a8b25bb2/fastavro-1.12.0-cp313-cp313-musllinux_1_2_x86_64.whl", hash = "sha256:a52906681384a18b99b47e5f9eab64b4744d6e6bc91056b7e28641c7b3c59d2b", size = 3385322, upload-time = "2025-07-31T15:17:31.232Z" },
    { url = "https://files.pythonhosted.org/packages/e9/49/c06ebc9e5144f7463c2bfcb900ca01f87db934caf131bccbffc5d0aaf7ec/fastavro-1.12.0-cp313-cp313-win_amd64.whl", hash = "sha256:cf153531191bcfc445c21e05dd97232a634463aa717cf99fb2214a51b9886bff", size = 445586, upload-time = "2025-07-31T15:17:32.634Z" },
    { url = "https://files.pythonhosted.org/packages/dd/c8/46ab37076dc0f86bb255791baf9b3c3a20f77603a86a40687edacff8c03d/fastavro-1.12.0-cp313-cp313t-macosx_10_13_universal2.whl", hash = "sha256:1928e88a760688e490118e1bedf0643b1f3727e5ba59c07ac64638dab81ae2a1", size = 1025933, upload-time = "2025-07-31T15:17:34.321Z" },
    { url = "https://files.pythonhosted.org/packages/a9/7f/cb3e069dcc903034a6fe82182d92c75d981d86aee94bd028200a083696b3/fastavro-1.12.0-cp313-cp313t-manylinux2014_aarch64.manylinux_2_17_aarch64.manylinux_2_28_aarch64.whl", hash = "sha256:cd51b706a3ab3fe4af84a0b37f60d1bcd79295df18932494fc9f49db4ba2bab2", size = 3560435, upload-time = "2025-07-31T15:17:36.314Z" },
    { url = "https://files.pythonhosted.org/packages/d0/12/9478c28a2ac4fcc10ad9488dd3dcd5fac1ef550c3022c57840330e7cec4b/fastavro-1.12.0-cp313-cp313t-manylinux2014_x86_64.manylinux_2_17_x86_64.manylinux_2_28_x86_64.whl", hash = "sha256:1148263931f6965e1942cf670f146148ca95b021ae7b7e1f98bf179f1c26cc58", size = 3453000, upload-time = "2025-07-31T15:17:38.875Z" },
    { url = "https://files.pythonhosted.org/packages/00/32/a5c8b3af9561c308c8c27da0be998b6237a47dbbdd8d5499f02731bd4073/fastavro-1.12.0-cp313-cp313t-musllinux_1_2_aarch64.whl", hash = "sha256:4099e0f6fb8a55f59891c0aed6bfa90c4d20a774737e5282c74181b4703ea0cb", size = 3383233, upload-time = "2025-07-31T15:17:40.833Z" },
    { url = "https://files.pythonhosted.org/packages/42/a0/f6290f3f8059543faf3ef30efbbe9bf3e4389df881891136cd5fb1066b64/fastavro-1.12.0-cp313-cp313t-musllinux_1_2_x86_64.whl", hash = "sha256:10c586e9e3bab34307f8e3227a2988b6e8ac49bff8f7b56635cf4928a153f464", size = 3402032, upload-time = "2025-07-31T15:17:42.958Z" },
]

[[package]]
name = "python-serialization-deserialization-examples"
version = "0.1.0"
source = { virtual = "." }
dependencies = [
    { name = "fastavro" },
]

[package.metadata]
requires-dist = [{ name = "fastavro", specifier = ">=1.12.0" }]
